
Microsoft Visual Studio Solution File, Format Version 12.00
# Visual Studio Version 16
VisualStudioVersion = 16.0.30523.141
MinimumVisualStudioVersion = 10.0.40219.1
Project("{FAE04EC0-301F-11D3-BF4B-00C04F79EFBC}") = "GoFDesignPattern", "GoFDesignPattern\GoFDesignPattern.csproj", "{E1EABF4C-9ECD-4C3D-9B55-33812B80ED4B}"
EndProject
Project("{FAE04EC0-301F-11D3-BF4B-00C04F79EFBC}") = "AbstractFactoryPattern", "AbstractFactoryPattern\AbstractFactoryPattern.csproj", "{1EBBC4A1-83E2-4446-B258-2D33D0FC9A62}"
EndProject
Global
	GlobalSection(SolutionConfigurationPlatforms) = preSolution
		Debug|Any CPU = Debug|Any CPU
		Release|Any CPU = Release|Any CPU
	EndGlobalSection
	GlobalSection(ProjectConfigurationPlatforms) = postSolution
		{E1EABF4C-9ECD-4C3D-9B55-33812B80ED4B}.Debug|Any CPU.ActiveCfg = Debug|Any CPU
		{E1EABF4C-9ECD-4C3D-9B55-33812B80ED4B}.Debug|Any CPU.Build.0 = Debug|Any CPU
		{E1EABF4C-9ECD-4C3D-9B55-33812B80ED4B}.Release|Any CPU.ActiveCfg = Release|Any CPU
		{E1EABF4C-9ECD-4C3D-9B55-33812B80ED4B}.Release|Any CPU.Build.0 = Release|Any CPU
		{1EBBC4A1-83E2-4446-B258-2D33D0FC9A62}.Debug|Any CPU.ActiveCfg = Debug|Any CPU
		{1EBBC4A1-83E2-4446-B258-2D33D0FC9A62}.Debug|Any CPU.Build.0 = Debug|Any CPU
		{1EBBC4A1-83E2-4446-B258-2D33D0FC9A62}.Release|Any CPU.ActiveCfg = Release|Any CPU
		{1EBBC4A1-83E2-4446-B258-2D33D0FC9A62}.Release|Any CPU.Build.0 = Release|Any CPU
	EndGlobalSection
	GlobalSection(SolutionProperties) = preSolution
		HideSolutionNode = FALSE
	EndGlobalSection
	GlobalSection(ExtensibilityGlobals) = postSolution
		SolutionGuid = {72DDB3A9-32BA-48A5-958C-8E2B1A06BB0D}
	EndGlobalSection
EndGlobal
